
Microsoft Visual Studio Solution File, Format Version 12.00
# Visual Studio 15
VisualStudioVersion = 15.0.28307.329
MinimumVisualStudioVersion = 10.0.40219.1
Project("{FAE04EC0-301F-11D3-BF4B-00C04F79EFBC}") = "BlackJack", "BlackJack\BlackJack.csproj", "{54214904-6D98-4A94-B7BF-E753576E5B09}"
EndProject
Project("{FAE04EC0-301F-11D3-BF4B-00C04F79EFBC}") = "BlackJack.DAL", "BlackJack.DAL\BlackJack.DAL.csproj", "{D1C74C05-8FF1-4F21-ABE4-B4A819620D11}"
EndProject
Project("{FAE04EC0-301F-11D3-BF4B-00C04F79EFBC}") = "BlackJack.BLL", "BlackJack.BLL\BlackJack.BLL.csproj", "{DC0437DF-D26F-4481-98EA-2AD27061823A}"
EndProject
Global
	GlobalSection(SolutionConfigurationPlatforms) = preSolution
		Debug|Any CPU = Debug|Any CPU
		Release|Any CPU = Release|Any CPU
	EndGlobalSection
	GlobalSection(ProjectConfigurationPlatforms) = postSolution
		{54214904-6D98-4A94-B7BF-E753576E5B09}.Debug|Any CPU.ActiveCfg = Debug|Any CPU
		{54214904-6D98-4A94-B7BF-E753576E5B09}.Debug|Any CPU.Build.0 = Debug|Any CPU
		{54214904-6D98-4A94-B7BF-E753576E5B09}.Release|Any CPU.ActiveCfg = Release|Any CPU
		{54214904-6D98-4A94-B7BF-E753576E5B09}.Release|Any CPU.Build.0 = Release|Any CPU
		{D1C74C05-8FF1-4F21-ABE4-B4A819620D11}.Debug|Any CPU.ActiveCfg = Debug|Any CPU
		{D1C74C05-8FF1-4F21-ABE4-B4A819620D11}.Debug|Any CPU.Build.0 = Debug|Any CPU
		{D1C74C05-8FF1-4F21-ABE4-B4A819620D11}.Release|Any CPU.ActiveCfg = Release|Any CPU
		{D1C74C05-8FF1-4F21-ABE4-B4A819620D11}.Release|Any CPU.Build.0 = Release|Any CPU
		{DC0437DF-D26F-4481-98EA-2AD27061823A}.Debug|Any CPU.ActiveCfg = Debug|Any CPU
		{DC0437DF-D26F-4481-98EA-2AD27061823A}.Debug|Any CPU.Build.0 = Debug|Any CPU
		{DC0437DF-D26F-4481-98EA-2AD27061823A}.Release|Any CPU.ActiveCfg = Release|Any CPU
		{DC0437DF-D26F-4481-98EA-2AD27061823A}.Release|Any CPU.Build.0 = Release|Any CPU
	EndGlobalSection
	GlobalSection(SolutionProperties) = preSolution
		HideSolutionNode = FALSE
	EndGlobalSection
	GlobalSection(ExtensibilityGlobals) = postSolution
		SolutionGuid = {C05BA87B-0640-484E-B33A-D869630AD9E9}
	EndGlobalSection
EndGlobal
